
Microsoft Visual Studio Solution File, Format Version 12.00
# Visual Studio Version 17
VisualStudioVersion = 17.4.33213.308
MinimumVisualStudioVersion = 10.0.40219.1
Project("{FAE04EC0-301F-11D3-BF4B-00C04F79EFBC}") = "Tabuada", "Tabuada\Tabuada.csproj", "{FF4C463F-B70E-41F2-B76B-4FB5DFE92656}"
EndProject
Global
	GlobalSection(SolutionConfigurationPlatforms) = preSolution
		Debug|Any CPU = Debug|Any CPU
		Release|Any CPU = Release|Any CPU
	EndGlobalSection
	GlobalSection(ProjectConfigurationPlatforms) = postSolution
		{FF4C463F-B70E-41F2-B76B-4FB5DFE92656}.Debug|Any CPU.ActiveCfg = Debug|Any CPU
		{FF4C463F-B70E-41F2-B76B-4FB5DFE92656}.Debug|Any CPU.Build.0 = Debug|Any CPU
		{FF4C463F-B70E-41F2-B76B-4FB5DFE92656}.Release|Any CPU.ActiveCfg = Release|Any CPU
		{FF4C463F-B70E-41F2-B76B-4FB5DFE92656}.Release|Any CPU.Build.0 = Release|Any CPU
	EndGlobalSection
	GlobalSection(SolutionProperties) = preSolution
		HideSolutionNode = FALSE
	EndGlobalSection
	GlobalSection(ExtensibilityGlobals) = postSolution
		SolutionGuid = {DA408E34-AC9D-4B19-AA9E-324398655F60}
	EndGlobalSection
EndGlobal
