
Microsoft Visual Studio Solution File, Format Version 12.00
# Visual Studio Version 17
VisualStudioVersion = 17.4.33213.308
MinimumVisualStudioVersion = 10.0.40219.1
Project("{FAE04EC0-301F-11D3-BF4B-00C04F79EFBC}") = "Operadores", "Operadores\Operadores.csproj", "{98FE4116-DEE3-419C-814A-9F5263FBBCEA}"
EndProject
Global
	GlobalSection(SolutionConfigurationPlatforms) = preSolution
		Debug|Any CPU = Debug|Any CPU
		Release|Any CPU = Release|Any CPU
	EndGlobalSection
	GlobalSection(ProjectConfigurationPlatforms) = postSolution
		{98FE4116-DEE3-419C-814A-9F5263FBBCEA}.Debug|Any CPU.ActiveCfg = Debug|Any CPU
		{98FE4116-DEE3-419C-814A-9F5263FBBCEA}.Debug|Any CPU.Build.0 = Debug|Any CPU
		{98FE4116-DEE3-419C-814A-9F5263FBBCEA}.Release|Any CPU.ActiveCfg = Release|Any CPU
		{98FE4116-DEE3-419C-814A-9F5263FBBCEA}.Release|Any CPU.Build.0 = Release|Any CPU
	EndGlobalSection
	GlobalSection(SolutionProperties) = preSolution
		HideSolutionNode = FALSE
	EndGlobalSection
	GlobalSection(ExtensibilityGlobals) = postSolution
		SolutionGuid = {6CEEB96C-983D-4BB0-82B7-AE0A4EBC1CB0}
	EndGlobalSection
EndGlobal
