
Microsoft Visual Studio Solution File, Format Version 12.00
# Visual Studio Version 17
VisualStudioVersion = 17.4.33213.308
MinimumVisualStudioVersion = 10.0.40219.1
Project("{FAE04EC0-301F-11D3-BF4B-00C04F79EFBC}") = "DivisaoDeDoisNum", "DivisaoDeDoisNum\DivisaoDeDoisNum.csproj", "{B3BDC4CC-433E-4361-A12D-2A160292670F}"
EndProject
Global
	GlobalSection(SolutionConfigurationPlatforms) = preSolution
		Debug|Any CPU = Debug|Any CPU
		Release|Any CPU = Release|Any CPU
	EndGlobalSection
	GlobalSection(ProjectConfigurationPlatforms) = postSolution
		{B3BDC4CC-433E-4361-A12D-2A160292670F}.Debug|Any CPU.ActiveCfg = Debug|Any CPU
		{B3BDC4CC-433E-4361-A12D-2A160292670F}.Debug|Any CPU.Build.0 = Debug|Any CPU
		{B3BDC4CC-433E-4361-A12D-2A160292670F}.Release|Any CPU.ActiveCfg = Release|Any CPU
		{B3BDC4CC-433E-4361-A12D-2A160292670F}.Release|Any CPU.Build.0 = Release|Any CPU
	EndGlobalSection
	GlobalSection(SolutionProperties) = preSolution
		HideSolutionNode = FALSE
	EndGlobalSection
	GlobalSection(ExtensibilityGlobals) = postSolution
		SolutionGuid = {8C5BD7B0-ABDB-4F8F-A1D9-0B109885E819}
	EndGlobalSection
EndGlobal
